
Microsoft Visual Studio Solution File, Format Version 12.00
# Visual Studio Version 17
VisualStudioVersion = 17.3.32922.545
MinimumVisualStudioVersion = 10.0.40219.1
Project("{FAE04EC0-301F-11D3-BF4B-00C04F79EFBC}") = "MESFactoryPOP", "MESFactoryPOP.csproj", "{8AC293F6-4CE4-4925-9B9F-2D6820E2BD50}"
EndProject
Global
	GlobalSection(SolutionConfigurationPlatforms) = preSolution
		Debug|Any CPU = Debug|Any CPU
		Release|Any CPU = Release|Any CPU
	EndGlobalSection
	GlobalSection(ProjectConfigurationPlatforms) = postSolution
		{8AC293F6-4CE4-4925-9B9F-2D6820E2BD50}.Debug|Any CPU.ActiveCfg = Debug|Any CPU
		{8AC293F6-4CE4-4925-9B9F-2D6820E2BD50}.Debug|Any CPU.Build.0 = Debug|Any CPU
		{8AC293F6-4CE4-4925-9B9F-2D6820E2BD50}.Release|Any CPU.ActiveCfg = Release|Any CPU
		{8AC293F6-4CE4-4925-9B9F-2D6820E2BD50}.Release|Any CPU.Build.0 = Release|Any CPU
	EndGlobalSection
	GlobalSection(SolutionProperties) = preSolution
		HideSolutionNode = FALSE
	EndGlobalSection
	GlobalSection(ExtensibilityGlobals) = postSolution
		SolutionGuid = {A649A34E-DD83-40B2-B1B0-ACA28B391A7D}
	EndGlobalSection
EndGlobal
