
Microsoft Visual Studio Solution File, Format Version 12.00
# Visual Studio Version 17
VisualStudioVersion = 17.2.32630.192
MinimumVisualStudioVersion = 10.0.40219.1
Project("{FAE04EC0-301F-11D3-BF4B-00C04F79EFBC}") = "Win_MES_Factory", "Win_MES_Factory.csproj", "{FF338C13-246C-4C8A-9161-144DD49862F9}"
EndProject
Project("{FAE04EC0-301F-11D3-BF4B-00C04F79EFBC}") = "MESFactoryDAC", "MESFactoryDAC\MESFactoryDAC.csproj", "{79931B77-3AF9-4831-9CD8-F15ECE21824E}"
EndProject
Project("{FAE04EC0-301F-11D3-BF4B-00C04F79EFBC}") = "MESFactoryVO", "MESFactoryVO\MESFactoryVO.csproj", "{298A2328-8B89-4E61-BA8D-5C053DED4797}"
EndProject
Global
	GlobalSection(SolutionConfigurationPlatforms) = preSolution
		Debug|Any CPU = Debug|Any CPU
		Release|Any CPU = Release|Any CPU
	EndGlobalSection
	GlobalSection(ProjectConfigurationPlatforms) = postSolution
		{FF338C13-246C-4C8A-9161-144DD49862F9}.Debug|Any CPU.ActiveCfg = Debug|Any CPU
		{FF338C13-246C-4C8A-9161-144DD49862F9}.Debug|Any CPU.Build.0 = Debug|Any CPU
		{FF338C13-246C-4C8A-9161-144DD49862F9}.Release|Any CPU.ActiveCfg = Release|Any CPU
		{FF338C13-246C-4C8A-9161-144DD49862F9}.Release|Any CPU.Build.0 = Release|Any CPU
		{79931B77-3AF9-4831-9CD8-F15ECE21824E}.Debug|Any CPU.ActiveCfg = Debug|Any CPU
		{79931B77-3AF9-4831-9CD8-F15ECE21824E}.Debug|Any CPU.Build.0 = Debug|Any CPU
		{79931B77-3AF9-4831-9CD8-F15ECE21824E}.Release|Any CPU.ActiveCfg = Release|Any CPU
		{79931B77-3AF9-4831-9CD8-F15ECE21824E}.Release|Any CPU.Build.0 = Release|Any CPU
		{298A2328-8B89-4E61-BA8D-5C053DED4797}.Debug|Any CPU.ActiveCfg = Debug|Any CPU
		{298A2328-8B89-4E61-BA8D-5C053DED4797}.Debug|Any CPU.Build.0 = Debug|Any CPU
		{298A2328-8B89-4E61-BA8D-5C053DED4797}.Release|Any CPU.ActiveCfg = Release|Any CPU
		{298A2328-8B89-4E61-BA8D-5C053DED4797}.Release|Any CPU.Build.0 = Release|Any CPU
	EndGlobalSection
	GlobalSection(SolutionProperties) = preSolution
		HideSolutionNode = FALSE
	EndGlobalSection
	GlobalSection(ExtensibilityGlobals) = postSolution
		SolutionGuid = {F3354F4D-F17F-4AEA-961B-64BE69F4C5E3}
	EndGlobalSection
EndGlobal
